
Microsoft Visual Studio Solution File, Format Version 12.00
# Visual Studio Version 17
VisualStudioVersion = 17.11.35219.272
MinimumVisualStudioVersion = 10.0.40219.1
Project("{FAE04EC0-301F-11D3-BF4B-00C04F79EFBC}") = "Aula11OOJogoRPG", "Aula11OOJogoRPG\Aula11OOJogoRPG.csproj", "{639E7C73-A239-4AF1-81C5-9132CA970495}"
EndProject
Global
	GlobalSection(SolutionConfigurationPlatforms) = preSolution
		Debug|Any CPU = Debug|Any CPU
		Release|Any CPU = Release|Any CPU
	EndGlobalSection
	GlobalSection(ProjectConfigurationPlatforms) = postSolution
		{639E7C73-A239-4AF1-81C5-9132CA970495}.Debug|Any CPU.ActiveCfg = Debug|Any CPU
		{639E7C73-A239-4AF1-81C5-9132CA970495}.Debug|Any CPU.Build.0 = Debug|Any CPU
		{639E7C73-A239-4AF1-81C5-9132CA970495}.Release|Any CPU.ActiveCfg = Release|Any CPU
		{639E7C73-A239-4AF1-81C5-9132CA970495}.Release|Any CPU.Build.0 = Release|Any CPU
	EndGlobalSection
	GlobalSection(SolutionProperties) = preSolution
		HideSolutionNode = FALSE
	EndGlobalSection
	GlobalSection(ExtensibilityGlobals) = postSolution
		SolutionGuid = {2586067C-C950-4CD6-851F-E3408BF5CE8B}
	EndGlobalSection
EndGlobal
